
Microsoft Visual Studio Solution File, Format Version 12.00
# Visual Studio Version 17
VisualStudioVersion = 17.8.34330.188
MinimumVisualStudioVersion = 10.0.40219.1
Project("{FAE04EC0-301F-11D3-BF4B-00C04F79EFBC}") = "TFDiscGolf", "TFDiscGolf\TFDiscGolf.csproj", "{814FB517-6613-4E86-BB26-E79B5947FE88}"
EndProject
Project("{FAE04EC0-301F-11D3-BF4B-00C04F79EFBC}") = "TFDiscGolf.Client", "TFDiscGolf.Client\TFDiscGolf.Client.csproj", "{F0542DAD-11AC-445D-ACC6-08D60832A752}"
EndProject
Global
	GlobalSection(SolutionConfigurationPlatforms) = preSolution
		Debug|Any CPU = Debug|Any CPU
		Release|Any CPU = Release|Any CPU
	EndGlobalSection
	GlobalSection(ProjectConfigurationPlatforms) = postSolution
		{814FB517-6613-4E86-BB26-E79B5947FE88}.Debug|Any CPU.ActiveCfg = Debug|Any CPU
		{814FB517-6613-4E86-BB26-E79B5947FE88}.Debug|Any CPU.Build.0 = Debug|Any CPU
		{814FB517-6613-4E86-BB26-E79B5947FE88}.Release|Any CPU.ActiveCfg = Release|Any CPU
		{814FB517-6613-4E86-BB26-E79B5947FE88}.Release|Any CPU.Build.0 = Release|Any CPU
		{F0542DAD-11AC-445D-ACC6-08D60832A752}.Debug|Any CPU.ActiveCfg = Debug|Any CPU
		{F0542DAD-11AC-445D-ACC6-08D60832A752}.Debug|Any CPU.Build.0 = Debug|Any CPU
		{F0542DAD-11AC-445D-ACC6-08D60832A752}.Release|Any CPU.ActiveCfg = Release|Any CPU
		{F0542DAD-11AC-445D-ACC6-08D60832A752}.Release|Any CPU.Build.0 = Release|Any CPU
	EndGlobalSection
	GlobalSection(SolutionProperties) = preSolution
		HideSolutionNode = FALSE
	EndGlobalSection
	GlobalSection(ExtensibilityGlobals) = postSolution
		SolutionGuid = {678E7E9C-422A-4A82-BA28-93E97920389C}
	EndGlobalSection
EndGlobal
